
Microsoft Visual Studio Solution File, Format Version 12.00
# Visual Studio Version 16
VisualStudioVersion = 16.0.30225.117
MinimumVisualStudioVersion = 10.0.40219.1
Project("{FAE04EC0-301F-11D3-BF4B-00C04F79EFBC}") = "soft-test-api1", "soft-test-api1\soft-test-api1.csproj", "{3356CA22-A84B-43AC-BE10-DE551D8CAC92}"
EndProject
Global
	GlobalSection(SolutionConfigurationPlatforms) = preSolution
		Debug|Any CPU = Debug|Any CPU
		Release|Any CPU = Release|Any CPU
	EndGlobalSection
	GlobalSection(ProjectConfigurationPlatforms) = postSolution
		{3356CA22-A84B-43AC-BE10-DE551D8CAC92}.Debug|Any CPU.ActiveCfg = Debug|Any CPU
		{3356CA22-A84B-43AC-BE10-DE551D8CAC92}.Debug|Any CPU.Build.0 = Debug|Any CPU
		{3356CA22-A84B-43AC-BE10-DE551D8CAC92}.Release|Any CPU.ActiveCfg = Release|Any CPU
		{3356CA22-A84B-43AC-BE10-DE551D8CAC92}.Release|Any CPU.Build.0 = Release|Any CPU
	EndGlobalSection
	GlobalSection(SolutionProperties) = preSolution
		HideSolutionNode = FALSE
	EndGlobalSection
	GlobalSection(ExtensibilityGlobals) = postSolution
		SolutionGuid = {938DBEAD-A4A2-4408-9A6B-E71FC4BD4677}
	EndGlobalSection
EndGlobal
