
Microsoft Visual Studio Solution File, Format Version 12.00
# Visual Studio Version 16
VisualStudioVersion = 16.0.30225.117
MinimumVisualStudioVersion = 10.0.40219.1
Project("{FAE04EC0-301F-11D3-BF4B-00C04F79EFBC}") = "api.test.core", "api.test.core\api.test.core.csproj", "{789151E5-446F-4112-88FA-3E190E476561}"
EndProject
Project("{FAE04EC0-301F-11D3-BF4B-00C04F79EFBC}") = "api.test.core.test", "api.test.core.test\api.test.core.test.csproj", "{DB2BF22A-0C79-44E8-88ED-01BFBF4EE1BA}"
EndProject
Global
	GlobalSection(SolutionConfigurationPlatforms) = preSolution
		Debug|Any CPU = Debug|Any CPU
		Release|Any CPU = Release|Any CPU
	EndGlobalSection
	GlobalSection(ProjectConfigurationPlatforms) = postSolution
		{789151E5-446F-4112-88FA-3E190E476561}.Debug|Any CPU.ActiveCfg = Debug|Any CPU
		{789151E5-446F-4112-88FA-3E190E476561}.Debug|Any CPU.Build.0 = Debug|Any CPU
		{789151E5-446F-4112-88FA-3E190E476561}.Release|Any CPU.ActiveCfg = Release|Any CPU
		{789151E5-446F-4112-88FA-3E190E476561}.Release|Any CPU.Build.0 = Release|Any CPU
		{DB2BF22A-0C79-44E8-88ED-01BFBF4EE1BA}.Debug|Any CPU.ActiveCfg = Debug|Any CPU
		{DB2BF22A-0C79-44E8-88ED-01BFBF4EE1BA}.Debug|Any CPU.Build.0 = Debug|Any CPU
		{DB2BF22A-0C79-44E8-88ED-01BFBF4EE1BA}.Release|Any CPU.ActiveCfg = Release|Any CPU
		{DB2BF22A-0C79-44E8-88ED-01BFBF4EE1BA}.Release|Any CPU.Build.0 = Release|Any CPU
	EndGlobalSection
	GlobalSection(SolutionProperties) = preSolution
		HideSolutionNode = FALSE
	EndGlobalSection
	GlobalSection(ExtensibilityGlobals) = postSolution
		SolutionGuid = {938DBEAD-A4A2-4408-9A6B-E71FC4BD4677}
	EndGlobalSection
EndGlobal
